
Microsoft Visual Studio Solution File, Format Version 12.00
# Visual Studio Version 17
VisualStudioVersion = 17.8.34525.116
MinimumVisualStudioVersion = 10.0.40219.1
Project("{FAE04EC0-301F-11D3-BF4B-00C04F79EFBC}") = "Bulkyweb", "Bulkyweb\Bulkyweb.csproj", "{F84D690D-0E57-4716-A655-53DE190767FD}"
EndProject
Global
	GlobalSection(SolutionConfigurationPlatforms) = preSolution
		Debug|Any CPU = Debug|Any CPU
		Release|Any CPU = Release|Any CPU
	EndGlobalSection
	GlobalSection(ProjectConfigurationPlatforms) = postSolution
		{F84D690D-0E57-4716-A655-53DE190767FD}.Debug|Any CPU.ActiveCfg = Debug|Any CPU
		{F84D690D-0E57-4716-A655-53DE190767FD}.Debug|Any CPU.Build.0 = Debug|Any CPU
		{F84D690D-0E57-4716-A655-53DE190767FD}.Release|Any CPU.ActiveCfg = Release|Any CPU
		{F84D690D-0E57-4716-A655-53DE190767FD}.Release|Any CPU.Build.0 = Release|Any CPU
	EndGlobalSection
	GlobalSection(SolutionProperties) = preSolution
		HideSolutionNode = FALSE
	EndGlobalSection
	GlobalSection(ExtensibilityGlobals) = postSolution
		SolutionGuid = {1A00AD18-4A56-4738-A7E1-B16985703666}
	EndGlobalSection
EndGlobal
